
Microsoft Visual Studio Solution File, Format Version 12.00
# Visual Studio Version 17
VisualStudioVersion = 17.14.36811.4
MinimumVisualStudioVersion = 10.0.40219.1
Project("{8BC9CEB8-8B4A-11D0-8D11-00A0C91BC942}") = "Module1IteratorsTask1", "Module1IteratorsTask1\Module1IteratorsTask1.vcxproj", "{0135B114-5249-42B9-B28F-BA7E5FB214F2}"
EndProject
Project("{8BC9CEB8-8B4A-11D0-8D11-00A0C91BC942}") = "FunctionObjectsTask2", "FunctionObjectsTask2\FunctionObjectsTask2.vcxproj", "{B1608199-6FE2-41B6-B5FA-ED74A7DF2786}"
EndProject
Project("{8BC9CEB8-8B4A-11D0-8D11-00A0C91BC942}") = "RangesIterationTask3", "RangesIterationTask3\RangesIterationTask3.vcxproj", "{61359C78-9857-4BEA-A884-C1EE52687AAD}"
EndProject
Project("{8BC9CEB8-8B4A-11D0-8D11-00A0C91BC942}") = "IteratorFunctionObjectDataProcTask4", "IteratorFunctionObjectDataProcTask4\IteratorFunctionObjectDataProcTask4.vcxproj", "{AA76A0DB-6AC7-4976-A202-EB12A798357D}"
EndProject
Global
	GlobalSection(SolutionConfigurationPlatforms) = preSolution
		Debug|x64 = Debug|x64
		Debug|x86 = Debug|x86
		Release|x64 = Release|x64
		Release|x86 = Release|x86
	EndGlobalSection
	GlobalSection(ProjectConfigurationPlatforms) = postSolution
		{0135B114-5249-42B9-B28F-BA7E5FB214F2}.Debug|x64.ActiveCfg = Debug|x64
		{0135B114-5249-42B9-B28F-BA7E5FB214F2}.Debug|x64.Build.0 = Debug|x64
		{0135B114-5249-42B9-B28F-BA7E5FB214F2}.Debug|x86.ActiveCfg = Debug|Win32
		{0135B114-5249-42B9-B28F-BA7E5FB214F2}.Debug|x86.Build.0 = Debug|Win32
		{0135B114-5249-42B9-B28F-BA7E5FB214F2}.Release|x64.ActiveCfg = Release|x64
		{0135B114-5249-42B9-B28F-BA7E5FB214F2}.Release|x64.Build.0 = Release|x64
		{0135B114-5249-42B9-B28F-BA7E5FB214F2}.Release|x86.ActiveCfg = Release|Win32
		{0135B114-5249-42B9-B28F-BA7E5FB214F2}.Release|x86.Build.0 = Release|Win32
		{B1608199-6FE2-41B6-B5FA-ED74A7DF2786}.Debug|x64.ActiveCfg = Debug|x64
		{B1608199-6FE2-41B6-B5FA-ED74A7DF2786}.Debug|x64.Build.0 = Debug|x64
		{B1608199-6FE2-41B6-B5FA-ED74A7DF2786}.Debug|x86.ActiveCfg = Debug|Win32
		{B1608199-6FE2-41B6-B5FA-ED74A7DF2786}.Debug|x86.Build.0 = Debug|Win32
		{B1608199-6FE2-41B6-B5FA-ED74A7DF2786}.Release|x64.ActiveCfg = Release|x64
		{B1608199-6FE2-41B6-B5FA-ED74A7DF2786}.Release|x64.Build.0 = Release|x64
		{B1608199-6FE2-41B6-B5FA-ED74A7DF2786}.Release|x86.ActiveCfg = Release|Win32
		{B1608199-6FE2-41B6-B5FA-ED74A7DF2786}.Release|x86.Build.0 = Release|Win32
		{61359C78-9857-4BEA-A884-C1EE52687AAD}.Debug|x64.ActiveCfg = Debug|x64
		{61359C78-9857-4BEA-A884-C1EE52687AAD}.Debug|x64.Build.0 = Debug|x64
		{61359C78-9857-4BEA-A884-C1EE52687AAD}.Debug|x86.ActiveCfg = Debug|Win32
		{61359C78-9857-4BEA-A884-C1EE52687AAD}.Debug|x86.Build.0 = Debug|Win32
		{61359C78-9857-4BEA-A884-C1EE52687AAD}.Release|x64.ActiveCfg = Release|x64
		{61359C78-9857-4BEA-A884-C1EE52687AAD}.Release|x64.Build.0 = Release|x64
		{61359C78-9857-4BEA-A884-C1EE52687AAD}.Release|x86.ActiveCfg = Release|Win32
		{61359C78-9857-4BEA-A884-C1EE52687AAD}.Release|x86.Build.0 = Release|Win32
		{AA76A0DB-6AC7-4976-A202-EB12A798357D}.Debug|x64.ActiveCfg = Debug|x64
		{AA76A0DB-6AC7-4976-A202-EB12A798357D}.Debug|x64.Build.0 = Debug|x64
		{AA76A0DB-6AC7-4976-A202-EB12A798357D}.Debug|x86.ActiveCfg = Debug|Win32
		{AA76A0DB-6AC7-4976-A202-EB12A798357D}.Debug|x86.Build.0 = Debug|Win32
		{AA76A0DB-6AC7-4976-A202-EB12A798357D}.Release|x64.ActiveCfg = Release|x64
		{AA76A0DB-6AC7-4976-A202-EB12A798357D}.Release|x64.Build.0 = Release|x64
		{AA76A0DB-6AC7-4976-A202-EB12A798357D}.Release|x86.ActiveCfg = Release|Win32
		{AA76A0DB-6AC7-4976-A202-EB12A798357D}.Release|x86.Build.0 = Release|Win32
	EndGlobalSection
	GlobalSection(SolutionProperties) = preSolution
		HideSolutionNode = FALSE
	EndGlobalSection
	GlobalSection(ExtensibilityGlobals) = postSolution
		SolutionGuid = {0663721F-5112-446A-890E-C95E8E3B7158}
	EndGlobalSection
EndGlobal
